
Microsoft Visual Studio Solution File, Format Version 12.00
# Visual Studio Version 17
VisualStudioVersion = 17.10.35122.118
MinimumVisualStudioVersion = 10.0.40219.1
Project("{888888A0-9F3D-457C-B088-3A5042F75D52}") = "Log_in_System", "Log_in_System.pyproj", "{0E7DC117-5E91-4E71-901A-7707BA0814DC}"
EndProject
Global
	GlobalSection(SolutionConfigurationPlatforms) = preSolution
		Debug|Any CPU = Debug|Any CPU
		Release|Any CPU = Release|Any CPU
	EndGlobalSection
	GlobalSection(ProjectConfigurationPlatforms) = postSolution
		{0E7DC117-5E91-4E71-901A-7707BA0814DC}.Debug|Any CPU.ActiveCfg = Debug|Any CPU
		{0E7DC117-5E91-4E71-901A-7707BA0814DC}.Release|Any CPU.ActiveCfg = Release|Any CPU
	EndGlobalSection
	GlobalSection(SolutionProperties) = preSolution
		HideSolutionNode = FALSE
	EndGlobalSection
	GlobalSection(ExtensibilityGlobals) = postSolution
		SolutionGuid = {E2AD0DAE-F9D5-4793-8BA2-2CE05F35D7D9}
	EndGlobalSection
EndGlobal
